# This file is automatically @generated by Poetry 1.5.1 and should not be changed by hand.

[[package]]
name = "pillow"
version = "10.1.0"
description = "Python Imaging Library (Fork)"
optional = false
python-versions = ">=3.8"
files = [
    {file = "Pillow-10.1.0-cp310-cp310-macosx_10_10_x86_64.whl", hash = "sha256:1ab05f3db77e98f93964697c8efc49c7954b08dd61cff526b7f2531a22410106"},
    {file = "Pillow-10.1.0-cp310-cp310-macosx_11_0_arm64.whl", hash = "sha256:6932a7652464746fcb484f7fc3618e6503d2066d853f68a4bd97193a3996e273"},
    {file = "Pillow-10.1.0-cp310-cp310-manylinux_2_17_aarch64.manylinux2014_aarch64.whl", hash = "sha256:a5f63b5a68daedc54c7c3464508d8c12075e56dcfbd42f8c1bf40169061ae666"},
    {file = "Pillow-10.1.0-cp310-cp310-manylinux_2_17_x86_64.manylinux2014_x86_64.whl", hash = "sha256:c0949b55eb607898e28eaccb525ab104b2d86542a85c74baf3a6dc24002edec2"},
    {file = "Pillow-10.1.0-cp310-cp310-manylinux_2_28_aarch64.whl", hash = "sha256:ae88931f93214777c7a3aa0a8f92a683f83ecde27f65a45f95f22d289a69e593"},
    {file = "Pillow-10.1.0-cp310-cp310-manylinux_2_28_x86_64.whl", hash = "sha256:b0eb01ca85b2361b09480784a7931fc648ed8b7836f01fb9241141b968feb1db"},
    {file = "Pillow-10.1.0-cp310-cp310-musllinux_1_1_aarch64.whl", hash = "sha256:d27b5997bdd2eb9fb199982bb7eb6164db0426904020dc38c10203187ae2ff2f"},
    {file = "Pillow-10.1.0-cp310-cp310-musllinux_1_1_x86_64.whl", hash = "sha256:7df5608bc38bd37ef585ae9c38c9cd46d7c81498f086915b0f97255ea60c2818"},
    {file = "Pillow-10.1.0-cp310-cp310-win_amd64.whl", hash = "sha256:41f67248d92a5e0a2076d3517d8d4b1e41a97e2df10eb8f93106c89107f38b57"},
    {file = "Pillow-10.1.0-cp311-cp311-macosx_10_10_x86_64.whl", hash = "sha256:1fb29c07478e6c06a46b867e43b0bcdb241b44cc52be9bc25ce5944eed4648e7"},
    {file = "Pillow-10.1.0-cp311-cp311-macosx_11_0_arm64.whl", hash = "sha256:2cdc65a46e74514ce742c2013cd4a2d12e8553e3a2563c64879f7c7e4d28bce7"},
    {file = "Pillow-10.1.0-cp311-cp311-manylinux_2_17_aarch64.manylinux2014_aarch64.whl", hash = "sha256:50d08cd0a2ecd2a8657bd3d82c71efd5a58edb04d9308185d66c3a5a5bed9610"},
    {file = "Pillow-10.1.0-cp311-cp311-manylinux_2_17_x86_64.manylinux2014_x86_64.whl", hash = "sha256:062a1610e3bc258bff2328ec43f34244fcec972ee0717200cb1425214fe5b839"},
    {file = "Pillow-10.1.0-cp311-cp311-manylinux_2_28_aarch64.whl", hash = "sha256:61f1a9d247317fa08a308daaa8ee7b3f760ab1809ca2da14ecc88ae4257d6172"},
    {file = "Pillow-10.1.0-cp311-cp311-manylinux_2_28_x86_64.whl", hash = "sha256:a646e48de237d860c36e0db37ecaecaa3619e6f3e9d5319e527ccbc8151df061"},
    {file = "Pillow-10.1.0-cp311-cp311-musllinux_1_1_aarch64.whl", hash = "sha256:47e5bf85b80abc03be7455c95b6d6e4896a62f6541c1f2ce77a7d2bb832af262"},
    {file = "Pillow-10.1.0-cp311-cp311-musllinux_1_1_x86_64.whl", hash = "sha256:a92386125e9ee90381c3369f57a2a50fa9e6aa8b1cf1d9c4b200d41a7dd8e992"},
    {file = "Pillow-10.1.0-cp311-cp311-win_amd64.whl", hash = "sha256:0f7c276c05a9767e877a0b4c5050c8bee6a6d960d7f0c11ebda6b99746068c2a"},
    {file = "Pillow-10.1.0-cp312-cp312-macosx_10_10_x86_64.whl", hash = "sha256:a89b8312d51715b510a4fe9fc13686283f376cfd5abca8cd1c65e4c76e21081b"},
    {file = "Pillow-10.1.0-cp312-cp312-macosx_11_0_arm64.whl", hash = "sha256:00f438bb841382b15d7deb9a05cc946ee0f2c352653c7aa659e75e592f6fa17d"},
    {file = "Pillow-10.1.0-cp312-cp312-manylinux_2_17_aarch64.manylinux2014_aarch64.whl", hash = "sha256:3d929a19f5469b3f4df33a3df2983db070ebb2088a1e145e18facbc28cae5b27"},
    {file = "Pillow-10.1.0-cp312-cp312-manylinux_2_17_x86_64.manylinux2014_x86_64.whl", hash = "sha256:9a92109192b360634a4489c0c756364c0c3a2992906752165ecb50544c251312"},
    {file = "Pillow-10.1.0-cp312-cp312-manylinux_2_28_aarch64.whl", hash = "sha256:0248f86b3ea061e67817c47ecbe82c23f9dd5d5226200eb9090b3873d3ca32de"},
    {file = "Pillow-10.1.0-cp312-cp312-manylinux_2_28_x86_64.whl", hash = "sha256:9882a7451c680c12f232a422730f986a1fcd808da0fd428f08b671237237d651"},
    {file = "Pillow-10.1.0-cp312-cp312-musllinux_1_1_aarch64.whl", hash = "sha256:1c3ac5423c8c1da5928aa12c6e258921956757d976405e9467c5f39d1d577a4b"},
    {file = "Pillow-10.1.0-cp312-cp312-musllinux_1_1_x86_64.whl", hash = "sha256:806abdd8249ba3953c33742506fe414880bad78ac25cc9a9b1c6ae97bedd573f"},
    {file = "Pillow-10.1.0-cp312-cp312-win_amd64.whl", hash = "sha256:eaed6977fa73408b7b8a24e8b14e59e1668cfc0f4c40193ea7ced8e210adf996"},
    {file = "Pillow-10.1.0-cp38-cp38-macosx_10_10_x86_64.whl", hash = "sha256:fe1e26e1ffc38be097f0ba1d0d07fcade2bcfd1d023cda5b29935ae8052bd793"},
    {file = "Pillow-10.1.0-cp38-cp38-macosx_11_0_arm64.whl", hash = "sha256:7a7e3daa202beb61821c06d2517428e8e7c1aab08943e92ec9e5755c2fc9ba5e"},
    {file = "Pillow-10.1.0-cp38-cp38-manylinux_2_17_aarch64.manylinux2014_aarch64.whl", hash = "sha256:24fadc71218ad2b8ffe437b54876c9382b4a29e030a05a9879f615091f42ffc2"},
    {file = "Pillow-10.1.0-cp38-cp38-manylinux_2_17_x86_64.manylinux2014_x86_64.whl", hash = "sha256:fa1d323703cfdac2036af05191b969b910d8f115cf53093125e4058f62012c9a"},
    {file = "Pillow-10.1.0-cp38-cp38-manylinux_2_28_aarch64.whl", hash = "sha256:912e3812a1dbbc834da2b32299b124b5ddcb664ed354916fd1ed6f193f0e2d01"},
    {file = "Pillow-10.1.0-cp38-cp38-manylinux_2_28_x86_64.whl", hash = "sha256:7dbaa3c7de82ef37e7708521be41db5565004258ca76945ad74a8e998c30af8d"},
    {file = "Pillow-10.1.0-cp38-cp38-musllinux_1_1_aarch64.whl", hash = "sha256:9d7bc666bd8c5a4225e7ac71f2f9d12466ec555e89092728ea0f5c0c2422ea80"},
    {file = "Pillow-10.1.0-cp38-cp38-musllinux_1_1_x86_64.whl", hash = "sha256:baada14941c83079bf84c037e2d8b7506ce201e92e3d2fa0d1303507a8538212"},
    {file = "Pillow-10.1.0-cp38-cp38-win_amd64.whl", hash = "sha256:2ef6721c97894a7aa77723740a09547197533146fba8355e86d6d9a4a1056b14"},
    {file = "Pillow-10.1.0-cp39-cp39-macosx_10_10_x86_64.whl", hash = "sha256:0a026c188be3b443916179f5d04548092e253beb0c3e2ee0a4e2cdad72f66099"},
    {file = "Pillow-10.1.0-cp39-cp39-macosx_11_0_arm64.whl", hash = "sha256:04f6f6149f266a100374ca3cc368b67fb27c4af9f1cc8cb6306d849dcdf12616"},
    {file = "Pillow-10.1.0-cp39-cp39-manylinux_2_17_aarch64.manylinux2014_aarch64.whl", hash = "sha256:bb40c011447712d2e19cc261c82655f75f32cb724788df315ed992a4d65696bb"},
    {file = "Pillow-10.1.0-cp39-cp39-manylinux_2_17_x86_64.manylinux2014_x86_64.whl", hash = "sha256:1a8413794b4ad9719346cd9306118450b7b00d9a15846451549314a58ac42219"},
    {file = "Pillow-10.1.0-cp39-cp39-manylinux_2_28_aarch64.whl", hash = "sha256:c9aeea7b63edb7884b031a35305629a7593272b54f429a9869a4f63a1bf04c34"},
    {file = "Pillow-10.1.0-cp39-cp39-manylinux_2_28_x86_64.whl", hash = "sha256:b4005fee46ed9be0b8fb42be0c20e79411533d1fd58edabebc0dd24626882cfd"},
    {file = "Pillow-10.1.0-cp39-cp39-musllinux_1_1_aarch64.whl", hash = "sha256:4d0152565c6aa6ebbfb1e5d8624140a440f2b99bf7afaafbdbf6430426497f28"},
    {file = "Pillow-10.1.0-cp39-cp39-musllinux_1_1_x86_64.whl", hash = "sha256:d921bc90b1defa55c9917ca6b6b71430e4286fc9e44c55ead78ca1a9f9eba5f2"},
    {file = "Pillow-10.1.0-cp39-cp39-win_amd64.whl", hash = "sha256:cfe96560c6ce2f4c07d6647af2d0f3c54cc33289894ebd88cfbb3bcd5391e256"},
    {file = "Pillow-10.1.0-pp310-pypy310_pp73-macosx_10_10_x86_64.whl", hash = "sha256:937bdc5a7f5343d1c97dc98149a0be7eb9704e937fe3dc7140e229ae4fc572a7"},
    {file = "Pillow-10.1.0-pp310-pypy310_pp73-manylinux_2_17_x86_64.manylinux2014_x86_64.whl", hash = "sha256:b1c25762197144e211efb5f4e8ad656f36c8d214d390585d1d21281f46d556ba"},
    {file = "Pillow-10.1.0-pp310-pypy310_pp73-manylinux_2_28_x86_64.whl", hash = "sha256:afc8eef765d948543a4775f00b7b8c079b3321d6b675dde0d02afa2ee23000b4"},
    {file = "Pillow-10.1.0-pp310-pypy310_pp73-win_amd64.whl", hash = "sha256:883f216eac8712b83a63f41b76ddfb7b2afab1b74abbb413c5df6680f071a6b9"},
    {file = "Pillow-10.1.0-pp39-pypy39_pp73-macosx_10_10_x86_64.whl", hash = "sha256:b920e4d028f6442bea9a75b7491c063f0b9a3972520731ed26c83e254302eb1e"},
    {file = "Pillow-10.1.0-pp39-pypy39_pp73-manylinux_2_17_x86_64.manylinux2014_x86_64.whl", hash = "sha256:1c41d960babf951e01a49c9746f92c5a7e0d939d1652d7ba30f6b3090f27e412"},
    {file = "Pillow-10.1.0-pp39-pypy39_pp73-manylinux_2_28_x86_64.whl", hash = "sha256:1fafabe50a6977ac70dfe829b2d5735fd54e190ab55259ec8aea4aaea412fa0b"},
    {file = "Pillow-10.1.0-pp39-pypy39_pp73-win_amd64.whl", hash = "sha256:3b834f4b16173e5b92ab6566f0473bfb09f939ba14b23b8da1f54fa63e4b623f"},
    {file = "Pillow-10.1.0.tar.gz", hash = "sha256:e6bf8de6c36ed96c86ea3b6e1d5273c53f46ef518a062464cd7ef5dd2cf92e38"},
]

[package.extras]
docs = ["furo", "olefile", "sphinx (>=2.4)", "sphinx-copybutton", "sphinx-inline-tabs", "sphinx-removed-in", "sphinxext-opengraph"]
tests = ["check-manifest", "coverage", "defusedxml", "markdown2", "olefile", "packaging", "pyroma", "pytest", "pytest-cov", "pytest-timeout"]

[[package]]
name = "pygame-ce"
version = "2.4.0.dev2"
description = "Python Game Development"
optional = false
python-versions = ">=3.8"
files = [
    {file = "pygame-ce-2.4.0.dev2.tar.gz", hash = "sha256:338e0934b44e8cb9c00cbdd6f75ca0993998e1a22d515bffcdcb6fedc6dfd30e"},
    {file = "pygame_ce-2.4.0.dev2-cp310-cp310-macosx_10_11_x86_64.whl", hash = "sha256:e2f6d9470bb226f04e9a8122c76db061984147051d1f9fadd8956125ba325c89"},
    {file = "pygame_ce-2.4.0.dev2-cp310-cp310-macosx_11_0_arm64.whl", hash = "sha256:2bbb76a3bfd925b172c017aef31cd061fe77e563864a327abc5886b1db9c3ec2"},
    {file = "pygame_ce-2.4.0.dev2-cp310-cp310-manylinux_2_17_aarch64.manylinux2014_aarch64.whl", hash = "sha256:6c7132da8e4cd46a24b0b8d08b919e9e19e5f6ee9ffa2da31eb2a842f3b1484e"},
    {file = "pygame_ce-2.4.0.dev2-cp310-cp310-manylinux_2_17_i686.manylinux2014_i686.whl", hash = "sha256:74221a4e8f7b720a4b2d0031b8a62313404a546621c39a2c1f90569f994ff1ab"},
    {file = "pygame_ce-2.4.0.dev2-cp310-cp310-manylinux_2_17_x86_64.manylinux2014_x86_64.whl", hash = "sha256:da5cf5898ee10064130ce95975c0de3cdbf6df6d572aad9b92116e3f3a9bc6b2"},
    {file = "pygame_ce-2.4.0.dev2-cp310-cp310-win32.whl", hash = "sha256:b99cb8c42ffdcbe9b6ad5c95cf04c5674c5ecbaf3b7782659dcd79876ff97be7"},
    {file = "pygame_ce-2.4.0.dev2-cp310-cp310-win_amd64.whl", hash = "sha256:524403c2fd5f36c429be8f1743f849a8b10a23f2d12fd00d7888d62e48a62e57"},
    {file = "pygame_ce-2.4.0.dev2-cp311-cp311-macosx_10_11_x86_64.whl", hash = "sha256:0896e4f03c879a4d4ec423e7e67c00d77a7b21ce63d7b19b8229fc48bbe54383"},
    {file = "pygame_ce-2.4.0.dev2-cp311-cp311-macosx_11_0_arm64.whl", hash = "sha256:7febb0f77667cf3e619c8bd96883c3c80bced2cc3e683cd9a213307392364077"},
    {file = "pygame_ce-2.4.0.dev2-cp311-cp311-manylinux_2_17_aarch64.manylinux2014_aarch64.whl", hash = "sha256:1144e34983f79bd883b3d22aed0f89ede4e37a43152e3579672e2a009b2ea26c"},
    {file = "pygame_ce-2.4.0.dev2-cp311-cp311-manylinux_2_17_i686.manylinux2014_i686.whl", hash = "sha256:64cba9f41e5632ae8f1bf86ba5a374b9ce616172769c0b4b44a6ce58c2977621"},
    {file = "pygame_ce-2.4.0.dev2-cp311-cp311-manylinux_2_17_x86_64.manylinux2014_x86_64.whl", hash = "sha256:1d0770edbdf250f218eab403b74ec45beea207c4286c8a2e74c907df396924be"},
    {file = "pygame_ce-2.4.0.dev2-cp311-cp311-win32.whl", hash = "sha256:6e5926f89d5a0737cf2e958c1fd85e0f5b7e3d36a3881e38e2868fc600c10bd0"},
    {file = "pygame_ce-2.4.0.dev2-cp311-cp311-win_amd64.whl", hash = "sha256:4a2c80055013991a4128c91a650ff5cb2f02a8895868e11a05b7cc41abf15fa2"},
    {file = "pygame_ce-2.4.0.dev2-cp312-cp312-macosx_10_11_x86_64.whl", hash = "sha256:f7eb0ec063128bdfe8f9a64deddb1a8031151195e146f7004309e3056a6f54b6"},
    {file = "pygame_ce-2.4.0.dev2-cp312-cp312-macosx_11_0_arm64.whl", hash = "sha256:8a2b5b852550ef60922ced5f3de09f6aaa5e317f2e0a5c97ce24e57e316724c6"},
    {file = "pygame_ce-2.4.0.dev2-cp312-cp312-manylinux_2_17_aarch64.manylinux2014_aarch64.whl", hash = "sha256:94f62bec345cd4fb1823a5f1362fb05195d1fa4e31f5fa2f12a4c34fedfc4175"},
    {file = "pygame_ce-2.4.0.dev2-cp312-cp312-manylinux_2_17_i686.manylinux2014_i686.whl", hash = "sha256:cbd8f9671b86ed389af329f7c7d534b2b80d88f1500d6ec3a5d9e84eaf814e82"},
    {file = "pygame_ce-2.4.0.dev2-cp312-cp312-manylinux_2_17_x86_64.manylinux2014_x86_64.whl", hash = "sha256:748f38b2cfaa86f9c95fe4bd31e9507a39fd2b813b6fed1aeb28491cf9c13adb"},
    {file = "pygame_ce-2.4.0.dev2-cp312-cp312-win32.whl", hash = "sha256:9648642fccd7fffcd5ecd276658985b8b0584285002598070038a8ebad61a868"},
    {file = "pygame_ce-2.4.0.dev2-cp312-cp312-win_amd64.whl", hash = "sha256:bd85e2d5606eff9aeaabe89c69e7de342b87ab3672026876b0ed8b088362aa19"},
    {file = "pygame_ce-2.4.0.dev2-cp38-cp38-macosx_10_11_x86_64.whl", hash = "sha256:d6b7eb8a1faa17f5b2c152263ada28d89aa34c548423ec96674df3e584c28895"},
    {file = "pygame_ce-2.4.0.dev2-cp38-cp38-macosx_11_0_arm64.whl", hash = "sha256:63a0d1bbecd1f6e893d54fec423f1f9c2f6626d100a60158a42231a702d5e691"},
    {file = "pygame_ce-2.4.0.dev2-cp38-cp38-manylinux_2_17_aarch64.manylinux2014_aarch64.whl", hash = "sha256:ee2062f398d89e50bc05e27579f5740bb079ef4f038544038a1905d11dea4b83"},
    {file = "pygame_ce-2.4.0.dev2-cp38-cp38-manylinux_2_17_i686.manylinux2014_i686.whl", hash = "sha256:3d868b095570f34b1ac3e273371e64ca4a15f50440f5f54373f1c69e89030879"},
    {file = "pygame_ce-2.4.0.dev2-cp38-cp38-manylinux_2_17_x86_64.manylinux2014_x86_64.whl", hash = "sha256:6bac2c269c1dae945fdb2527064bdcd4b12fbe272597e63169cfd247aa91a8fe"},
    {file = "pygame_ce-2.4.0.dev2-cp38-cp38-win32.whl", hash = "sha256:f73b33c0937edeca25c733fcda30e654ec04020e8ee2a19d3c961a42a066a2e4"},
    {file = "pygame_ce-2.4.0.dev2-cp38-cp38-win_amd64.whl", hash = "sha256:783dc567e7f3095bd01859ea504dc140d5ce25b6bdaf2ae54881c96f1390728c"},
    {file = "pygame_ce-2.4.0.dev2-cp39-cp39-macosx_10_11_x86_64.whl", hash = "sha256:7edde7d095700105160d5bce12987c7cf29be0f2c3ac03b95443efb73e4be1f8"},
    {file = "pygame_ce-2.4.0.dev2-cp39-cp39-macosx_11_0_arm64.whl", hash = "sha256:b4b7bb5b562fe29084d0b3ce43e60dd58ef032de12c5a9a89e1072084eefb733"},
    {file = "pygame_ce-2.4.0.dev2-cp39-cp39-manylinux_2_17_aarch64.manylinux2014_aarch64.whl", hash = "sha256:1fa4c30570f931f409d3f82528e0d4251a059b46e4cabc91f5814c3e9f82da9b"},
    {file = "pygame_ce-2.4.0.dev2-cp39-cp39-manylinux_2_17_i686.manylinux2014_i686.whl", hash = "sha256:ca0134dcdf89f02ba2b069a3615e7a428ae35edd1dce744308ca98e49df1ae6d"},
    {file = "pygame_ce-2.4.0.dev2-cp39-cp39-manylinux_2_17_x86_64.manylinux2014_x86_64.whl", hash = "sha256:321e7a0307844c04288d514d18012c2cc7237405255d69d52e695fe14b566d37"},
    {file = "pygame_ce-2.4.0.dev2-cp39-cp39-win32.whl", hash = "sha256:b13149b314e907a895cdb282db4901d423c5f1501579162cedee01b9109f1ed6"},
    {file = "pygame_ce-2.4.0.dev2-cp39-cp39-win_amd64.whl", hash = "sha256:70c6203971b57ab4db3d88175a0b83e1c074d66b607622644cae791a8daac610"},
    {file = "pygame_ce-2.4.0.dev2-pp310-pypy310_pp73-macosx_10_11_x86_64.whl", hash = "sha256:59ecbdd957b693c34711e25764d9db5c8754254b0f66307c891e6053572ef7cd"},
    {file = "pygame_ce-2.4.0.dev2-pp310-pypy310_pp73-manylinux_2_17_aarch64.manylinux2014_aarch64.whl", hash = "sha256:778da6d872399c0d24016558f550b3aff1e02d7c2fb88d9cf646377f8be83f33"},
    {file = "pygame_ce-2.4.0.dev2-pp310-pypy310_pp73-manylinux_2_17_i686.manylinux2014_i686.whl", hash = "sha256:b10080989b93579548baea50ef9f84124faf65fb4abae0018fc05ca0191b7982"},
    {file = "pygame_ce-2.4.0.dev2-pp310-pypy310_pp73-manylinux_2_17_x86_64.manylinux2014_x86_64.whl", hash = "sha256:bbccfffed2ab26b50036c2350250841200698b6d36868a1ae9ab47ca4aea10fd"},
    {file = "pygame_ce-2.4.0.dev2-pp310-pypy310_pp73-win_amd64.whl", hash = "sha256:354133eeeca7fa31114738e171cd501232b21280f40d3bd0adf44ea0d156da39"},
    {file = "pygame_ce-2.4.0.dev2-pp38-pypy38_pp73-macosx_10_11_x86_64.whl", hash = "sha256:88ff9f9d36389aab48912767f03327e8ff8d81b2aa36124830aa570f7eb97da8"},
    {file = "pygame_ce-2.4.0.dev2-pp38-pypy38_pp73-manylinux_2_17_aarch64.manylinux2014_aarch64.whl", hash = "sha256:4b254a67d136484eaaec3d63820134d0da85a1766bcede3bbc95272ef8d5dea3"},
    {file = "pygame_ce-2.4.0.dev2-pp38-pypy38_pp73-manylinux_2_17_i686.manylinux2014_i686.whl", hash = "sha256:cc8f1795f36585ee8f4aacef9506083b6ed9a52a73113ba35bca1d13c7bef614"},
    {file = "pygame_ce-2.4.0.dev2-pp38-pypy38_pp73-manylinux_2_17_x86_64.manylinux2014_x86_64.whl", hash = "sha256:4c52631d94db926f9b3e30188e6158d01b1757f923b59252ace6d6e56b22fbd3"},
    {file = "pygame_ce-2.4.0.dev2-pp38-pypy38_pp73-win_amd64.whl", hash = "sha256:28f87eca248109f94e6211c5c14b2bb08a73dde90ab7de71d1a965530e5f9d60"},
    {file = "pygame_ce-2.4.0.dev2-pp39-pypy39_pp73-macosx_10_11_x86_64.whl", hash = "sha256:50ec31d520df3de5ee9d8469fe8ee5d26b1b4e0aa5c43d2c7e107243fffc5127"},
    {file = "pygame_ce-2.4.0.dev2-pp39-pypy39_pp73-manylinux_2_17_aarch64.manylinux2014_aarch64.whl", hash = "sha256:0e5808f2ca953c41b72fc2d540521e9f4e1c838181b4d1801fd3a411c697fea3"},
    {file = "pygame_ce-2.4.0.dev2-pp39-pypy39_pp73-manylinux_2_17_i686.manylinux2014_i686.whl", hash = "sha256:aacf133028bf52d996d371f2c0b3ce2976ef57ccbfb2cb95af253f9baf8851be"},
    {file = "pygame_ce-2.4.0.dev2-pp39-pypy39_pp73-manylinux_2_17_x86_64.manylinux2014_x86_64.whl", hash = "sha256:4a8820c860503d1032da8f6d5297397daf83a024df34a5675ae8c224bb9ed81c"},
    {file = "pygame_ce-2.4.0.dev2-pp39-pypy39_pp73-win_amd64.whl", hash = "sha256:ba5265d8fd46c81db360b83c32a0e5601b1bf832e97ebb826c8093292da4aa4d"},
]

[[package]]
name = "pyopengl"
version = "3.1.7"
description = "Standard OpenGL bindings for Python"
optional = false
python-versions = "*"
files = [
    {file = "PyOpenGL-3.1.7-py3-none-any.whl", hash = "sha256:a6ab19cf290df6101aaf7470843a9c46207789855746399d0af92521a0a92b7a"},
    {file = "PyOpenGL-3.1.7.tar.gz", hash = "sha256:eef31a3888e6984fd4d8e6c9961b184c9813ca82604d37fe3da80eb000a76c86"},
]

[[package]]
name = "pytz"
version = "2023.3.post1"
description = "World timezone definitions, modern and historical"
optional = false
python-versions = "*"
files = [
    {file = "pytz-2023.3.post1-py2.py3-none-any.whl", hash = "sha256:ce42d816b81b68506614c11e8937d3aa9e41007ceb50bfdcb0749b921bf646c7"},
    {file = "pytz-2023.3.post1.tar.gz", hash = "sha256:7b4fddbeb94a1eba4b557da24f19fdf9db575192544270a9101d8509f9f43d7b"},
]

[metadata]
lock-version = "2.0"
python-versions = "^3.10"
content-hash = "6b027ea8a3be14c6197fda0dab309f55359881363f8dd0c4b7833fd3b3842f80"
